
Microsoft Visual Studio Solution File, Format Version 12.00
# Visual Studio Version 17
VisualStudioVersion = 17.0.31903.59
MinimumVisualStudioVersion = 10.0.40219.1
Project("{9A19103F-16F7-4668-BE54-9A1E7A4F7556}") = "TyresShopAPI.Domain", "TyresShopAPI.Domain\TyresShopAPI.Domain.csproj", "{4BE55CF2-2329-4889-AE4A-5EC89B2BABEB}"
EndProject
Project("{9A19103F-16F7-4668-BE54-9A1E7A4F7556}") = "TyresShopAPI.Application", "TyresShopAPI.Application\TyresShopAPI.Application.csproj", "{851594E1-EB9A-4049-9D05-B23DAE621CF8}"
EndProject
Project("{9A19103F-16F7-4668-BE54-9A1E7A4F7556}") = "TyresShopAPI.Infrastructure", "TyresShopAPI.Infrastructure\TyresShopAPI.Infrastructure.csproj", "{763C9F8B-BFDE-4439-9C35-B2ED7ECCC742}"
EndProject
Project("{9A19103F-16F7-4668-BE54-9A1E7A4F7556}") = "TyresShopAPI.WebUI", "TyresShopAPI.WebUI\TyresShopAPI.WebUI.csproj", "{6A90B74D-B078-44EB-8E54-8836FC2E1616}"
EndProject
Project("{2150E333-8FDC-42A3-9474-1A3956D46DE8}") = "src", "src", "{CE33F111-10E0-42C8-B752-D060BDC4010B}"
EndProject
Project("{2150E333-8FDC-42A3-9474-1A3956D46DE8}") = "tests", "tests", "{44A022FA-C91D-45B6-840F-E4503E29A0A1}"
EndProject
Project("{FAE04EC0-301F-11D3-BF4B-00C04F79EFBC}") = "TyresShopAPI.Tests.Unit", "TyresShopAPI.Tests.Unit\TyresShopAPI.Tests.Unit.csproj", "{ECA18F2D-AB1B-43C5-8FCD-A00E6DA32B28}"
EndProject
Global
	GlobalSection(SolutionConfigurationPlatforms) = preSolution
		Debug|Any CPU = Debug|Any CPU
		Release|Any CPU = Release|Any CPU
	EndGlobalSection
	GlobalSection(ProjectConfigurationPlatforms) = postSolution
		{4BE55CF2-2329-4889-AE4A-5EC89B2BABEB}.Debug|Any CPU.ActiveCfg = Debug|Any CPU
		{4BE55CF2-2329-4889-AE4A-5EC89B2BABEB}.Debug|Any CPU.Build.0 = Debug|Any CPU
		{4BE55CF2-2329-4889-AE4A-5EC89B2BABEB}.Release|Any CPU.ActiveCfg = Release|Any CPU
		{4BE55CF2-2329-4889-AE4A-5EC89B2BABEB}.Release|Any CPU.Build.0 = Release|Any CPU
		{851594E1-EB9A-4049-9D05-B23DAE621CF8}.Debug|Any CPU.ActiveCfg = Debug|Any CPU
		{851594E1-EB9A-4049-9D05-B23DAE621CF8}.Debug|Any CPU.Build.0 = Debug|Any CPU
		{851594E1-EB9A-4049-9D05-B23DAE621CF8}.Release|Any CPU.ActiveCfg = Release|Any CPU
		{851594E1-EB9A-4049-9D05-B23DAE621CF8}.Release|Any CPU.Build.0 = Release|Any CPU
		{763C9F8B-BFDE-4439-9C35-B2ED7ECCC742}.Debug|Any CPU.ActiveCfg = Debug|Any CPU
		{763C9F8B-BFDE-4439-9C35-B2ED7ECCC742}.Debug|Any CPU.Build.0 = Debug|Any CPU
		{763C9F8B-BFDE-4439-9C35-B2ED7ECCC742}.Release|Any CPU.ActiveCfg = Release|Any CPU
		{763C9F8B-BFDE-4439-9C35-B2ED7ECCC742}.Release|Any CPU.Build.0 = Release|Any CPU
		{6A90B74D-B078-44EB-8E54-8836FC2E1616}.Debug|Any CPU.ActiveCfg = Debug|Any CPU
		{6A90B74D-B078-44EB-8E54-8836FC2E1616}.Debug|Any CPU.Build.0 = Debug|Any CPU
		{6A90B74D-B078-44EB-8E54-8836FC2E1616}.Release|Any CPU.ActiveCfg = Release|Any CPU
		{6A90B74D-B078-44EB-8E54-8836FC2E1616}.Release|Any CPU.Build.0 = Release|Any CPU
		{ECA18F2D-AB1B-43C5-8FCD-A00E6DA32B28}.Debug|Any CPU.ActiveCfg = Debug|Any CPU
		{ECA18F2D-AB1B-43C5-8FCD-A00E6DA32B28}.Debug|Any CPU.Build.0 = Debug|Any CPU
		{ECA18F2D-AB1B-43C5-8FCD-A00E6DA32B28}.Release|Any CPU.ActiveCfg = Release|Any CPU
		{ECA18F2D-AB1B-43C5-8FCD-A00E6DA32B28}.Release|Any CPU.Build.0 = Release|Any CPU
	EndGlobalSection
	GlobalSection(SolutionProperties) = preSolution
		HideSolutionNode = FALSE
	EndGlobalSection
	GlobalSection(NestedProjects) = preSolution
		{4BE55CF2-2329-4889-AE4A-5EC89B2BABEB} = {CE33F111-10E0-42C8-B752-D060BDC4010B}
		{851594E1-EB9A-4049-9D05-B23DAE621CF8} = {CE33F111-10E0-42C8-B752-D060BDC4010B}
		{763C9F8B-BFDE-4439-9C35-B2ED7ECCC742} = {CE33F111-10E0-42C8-B752-D060BDC4010B}
		{6A90B74D-B078-44EB-8E54-8836FC2E1616} = {CE33F111-10E0-42C8-B752-D060BDC4010B}
		{ECA18F2D-AB1B-43C5-8FCD-A00E6DA32B28} = {44A022FA-C91D-45B6-840F-E4503E29A0A1}
	EndGlobalSection
	GlobalSection(ExtensibilityGlobals) = postSolution
		SolutionGuid = {028087A6-0968-41E6-858E-CEAAE5E9002A}
	EndGlobalSection
EndGlobal
